
Microsoft Visual Studio Solution File, Format Version 12.00
# Visual Studio Version 16
VisualStudioVersion = 16.0.30011.22
MinimumVisualStudioVersion = 10.0.40219.1
Project("{FAE04EC0-301F-11D3-BF4B-00C04F79EFBC}") = "Contpaqi.Sql.ADD.OtherMetadata", "Contpaqi.Sql.ADD.OtherMetadata\Contpaqi.Sql.ADD.OtherMetadata.csproj", "{2913A307-6E6B-43BB-9D2C-60AFB612CE2B}"
EndProject
Global
	GlobalSection(SolutionConfigurationPlatforms) = preSolution
		Debug|Any CPU = Debug|Any CPU
		Release|Any CPU = Release|Any CPU
	EndGlobalSection
	GlobalSection(ProjectConfigurationPlatforms) = postSolution
		{2913A307-6E6B-43BB-9D2C-60AFB612CE2B}.Debug|Any CPU.ActiveCfg = Debug|Any CPU
		{2913A307-6E6B-43BB-9D2C-60AFB612CE2B}.Debug|Any CPU.Build.0 = Debug|Any CPU
		{2913A307-6E6B-43BB-9D2C-60AFB612CE2B}.Release|Any CPU.ActiveCfg = Release|Any CPU
		{2913A307-6E6B-43BB-9D2C-60AFB612CE2B}.Release|Any CPU.Build.0 = Release|Any CPU
	EndGlobalSection
	GlobalSection(SolutionProperties) = preSolution
		HideSolutionNode = FALSE
	EndGlobalSection
	GlobalSection(ExtensibilityGlobals) = postSolution
		SolutionGuid = {406580CD-1D6A-47A2-B080-D0097FD5E3E7}
	EndGlobalSection
EndGlobal
